
Microsoft Visual Studio Solution File, Format Version 12.00
# Visual Studio Version 16
VisualStudioVersion = 16.0.29709.97
MinimumVisualStudioVersion = 10.0.40219.1
Project("{FAE04EC0-301F-11D3-BF4B-00C04F79EFBC}") = "helloWorld", "helloWorld\helloWorld.csproj", "{4FAD3280-ED02-4B1F-B977-37295FB1FBFF}"
EndProject
Global
	GlobalSection(SolutionConfigurationPlatforms) = preSolution
		Debug|Any CPU = Debug|Any CPU
		Release|Any CPU = Release|Any CPU
	EndGlobalSection
	GlobalSection(ProjectConfigurationPlatforms) = postSolution
		{4FAD3280-ED02-4B1F-B977-37295FB1FBFF}.Debug|Any CPU.ActiveCfg = Debug|Any CPU
		{4FAD3280-ED02-4B1F-B977-37295FB1FBFF}.Debug|Any CPU.Build.0 = Debug|Any CPU
		{4FAD3280-ED02-4B1F-B977-37295FB1FBFF}.Release|Any CPU.ActiveCfg = Release|Any CPU
		{4FAD3280-ED02-4B1F-B977-37295FB1FBFF}.Release|Any CPU.Build.0 = Release|Any CPU
	EndGlobalSection
	GlobalSection(SolutionProperties) = preSolution
		HideSolutionNode = FALSE
	EndGlobalSection
	GlobalSection(ExtensibilityGlobals) = postSolution
		SolutionGuid = {B86694F3-825E-4A21-8656-5DDCA888B851}
	EndGlobalSection
EndGlobal
