
Microsoft Visual Studio Solution File, Format Version 12.00
# Visual Studio Version 16
VisualStudioVersion = 16.0.29728.190
MinimumVisualStudioVersion = 10.0.40219.1
Project("{FAE04EC0-301F-11D3-BF4B-00C04F79EFBC}") = "chapter5lecture", "chapter5lecture\chapter5lecture.csproj", "{00D92D6C-2203-46BB-AEF0-7F14DE6D6B81}"
EndProject
Global
	GlobalSection(SolutionConfigurationPlatforms) = preSolution
		Debug|Any CPU = Debug|Any CPU
		Release|Any CPU = Release|Any CPU
	EndGlobalSection
	GlobalSection(ProjectConfigurationPlatforms) = postSolution
		{00D92D6C-2203-46BB-AEF0-7F14DE6D6B81}.Debug|Any CPU.ActiveCfg = Debug|Any CPU
		{00D92D6C-2203-46BB-AEF0-7F14DE6D6B81}.Debug|Any CPU.Build.0 = Debug|Any CPU
		{00D92D6C-2203-46BB-AEF0-7F14DE6D6B81}.Release|Any CPU.ActiveCfg = Release|Any CPU
		{00D92D6C-2203-46BB-AEF0-7F14DE6D6B81}.Release|Any CPU.Build.0 = Release|Any CPU
	EndGlobalSection
	GlobalSection(SolutionProperties) = preSolution
		HideSolutionNode = FALSE
	EndGlobalSection
	GlobalSection(ExtensibilityGlobals) = postSolution
		SolutionGuid = {EF48A250-EA31-434B-AA39-558F54AF8B91}
	EndGlobalSection
EndGlobal
