
Microsoft Visual Studio Solution File, Format Version 12.00
# Visual Studio Version 16
VisualStudioVersion = 16.0.28803.202
MinimumVisualStudioVersion = 10.0.40219.1
Project("{FAE04EC0-301F-11D3-BF4B-00C04F79EFBC}") = "DepartmentsAndEmployees", "DepartmentsAndEmployees\DepartmentsAndEmployees.csproj", "{7FC7B2D6-224F-4BEF-BF32-3E9FD1ED647C}"
EndProject
Global
	GlobalSection(SolutionConfigurationPlatforms) = preSolution
		Debug|Any CPU = Debug|Any CPU
		Release|Any CPU = Release|Any CPU
	EndGlobalSection
	GlobalSection(ProjectConfigurationPlatforms) = postSolution
		{7FC7B2D6-224F-4BEF-BF32-3E9FD1ED647C}.Debug|Any CPU.ActiveCfg = Debug|Any CPU
		{7FC7B2D6-224F-4BEF-BF32-3E9FD1ED647C}.Debug|Any CPU.Build.0 = Debug|Any CPU
		{7FC7B2D6-224F-4BEF-BF32-3E9FD1ED647C}.Release|Any CPU.ActiveCfg = Release|Any CPU
		{7FC7B2D6-224F-4BEF-BF32-3E9FD1ED647C}.Release|Any CPU.Build.0 = Release|Any CPU
	EndGlobalSection
	GlobalSection(SolutionProperties) = preSolution
		HideSolutionNode = FALSE
	EndGlobalSection
	GlobalSection(ExtensibilityGlobals) = postSolution
		SolutionGuid = {B7E3D94C-12FF-4E17-8E15-77F0B9B254EB}
	EndGlobalSection
EndGlobal
